
Microsoft Visual Studio Solution File, Format Version 12.00
# Visual Studio Version 16
VisualStudioVersion = 16.0.32002.261
MinimumVisualStudioVersion = 10.0.40219.1
Project("{FAE04EC0-301F-11D3-BF4B-00C04F79EFBC}") = "POS", "POS\POS.csproj", "{5D37CC3A-C229-46BB-A686-42385C5FBCCB}"
EndProject
Project("{FAE04EC0-301F-11D3-BF4B-00C04F79EFBC}") = "POS.Data", "POS.Data\POS.Data.csproj", "{D42D500D-207F-4F33-8FA6-05EC55F60E15}"
EndProject
Global
	GlobalSection(SolutionConfigurationPlatforms) = preSolution
		Debug|Any CPU = Debug|Any CPU
		Release|Any CPU = Release|Any CPU
	EndGlobalSection
	GlobalSection(ProjectConfigurationPlatforms) = postSolution
		{5D37CC3A-C229-46BB-A686-42385C5FBCCB}.Debug|Any CPU.ActiveCfg = Debug|Any CPU
		{5D37CC3A-C229-46BB-A686-42385C5FBCCB}.Debug|Any CPU.Build.0 = Debug|Any CPU
		{5D37CC3A-C229-46BB-A686-42385C5FBCCB}.Release|Any CPU.ActiveCfg = Release|Any CPU
		{5D37CC3A-C229-46BB-A686-42385C5FBCCB}.Release|Any CPU.Build.0 = Release|Any CPU
		{D42D500D-207F-4F33-8FA6-05EC55F60E15}.Debug|Any CPU.ActiveCfg = Debug|Any CPU
		{D42D500D-207F-4F33-8FA6-05EC55F60E15}.Debug|Any CPU.Build.0 = Debug|Any CPU
		{D42D500D-207F-4F33-8FA6-05EC55F60E15}.Release|Any CPU.ActiveCfg = Release|Any CPU
		{D42D500D-207F-4F33-8FA6-05EC55F60E15}.Release|Any CPU.Build.0 = Release|Any CPU
	EndGlobalSection
	GlobalSection(SolutionProperties) = preSolution
		HideSolutionNode = FALSE
	EndGlobalSection
	GlobalSection(ExtensibilityGlobals) = postSolution
		SolutionGuid = {21277CCE-5A74-404D-99B7-3B4931C256C1}
	EndGlobalSection
EndGlobal
